// !$*UTF8*$!
{
	archiveVersion = 1;
	classes = {
	};
	objectVersion = 46;
	objects = {

/* Begin PBXBuildFile section */
		BE1344F41C935143005200A6 /* AppDelegate.swift in Sources */ = {isa = PBXBuildFile; fileRef = BE1344F31C935143005200A6 /* AppDelegate.swift */; };
		BE1344F91C935143005200A6 /* Main.storyboard in Resources */ = {isa = PBXBuildFile; fileRef = BE1344F71C935143005200A6 /* Main.storyboard */; };
		BE1344FC1C935143005200A6 /* VirtualTourist.xcdatamodeld in Sources */ = {isa = PBXBuildFile; fileRef = BE1344FA1C935143005200A6 /* VirtualTourist.xcdatamodeld */; };
		BE1344FE1C935143005200A6 /* Assets.xcassets in Resources */ = {isa = PBXBuildFile; fileRef = BE1344FD1C935143005200A6 /* Assets.xcassets */; };
		BE1345011C935143005200A6 /* LaunchScreen.storyboard in Resources */ = {isa = PBXBuildFile; fileRef = BE1344FF1C935143005200A6 /* LaunchScreen.storyboard */; };
		BE13450C1C935144005200A6 /* VirtualTouristTests.swift in Sources */ = {isa = PBXBuildFile; fileRef = BE13450B1C935144005200A6 /* VirtualTouristTests.swift */; };
		BE1345171C935144005200A6 /* VirtualTouristUITests.swift in Sources */ = {isa = PBXBuildFile; fileRef = BE1345161C935144005200A6 /* VirtualTouristUITests.swift */; };
		BE1345251C935586005200A6 /* TravelLocationMapViewController.swift in Sources */ = {isa = PBXBuildFile; fileRef = BE1345241C935586005200A6 /* TravelLocationMapViewController.swift */; };
		BE1345271C93560F005200A6 /* PhotoAlbumViewController.swift in Sources */ = {isa = PBXBuildFile; fileRef = BE1345261C93560F005200A6 /* PhotoAlbumViewController.swift */; };
		BE1345291C9356BA005200A6 /* Pin.swift in Sources */ = {isa = PBXBuildFile; fileRef = BE1345281C9356BA005200A6 /* Pin.swift */; };
		BE13452B1C9356C8005200A6 /* Photo.swift in Sources */ = {isa = PBXBuildFile; fileRef = BE13452A1C9356C8005200A6 /* Photo.swift */; };
		BE13452D1C936C7C005200A6 /* CoreDataStackManager.swift in Sources */ = {isa = PBXBuildFile; fileRef = BE13452C1C936C7C005200A6 /* CoreDataStackManager.swift */; };
		BE5EB37C1C9FAF2100D8A394 /* MapRegion.swift in Sources */ = {isa = PBXBuildFile; fileRef = BE5EB37B1C9FAF2100D8A394 /* MapRegion.swift */; };
		BE7B1F6C1C98974F00A8D809 /* FlickrClient.swift in Sources */ = {isa = PBXBuildFile; fileRef = BE7B1F6B1C98974F00A8D809 /* FlickrClient.swift */; };
		BE7B1FA21C9A0D2E00A8D809 /* MapKit.framework in Frameworks */ = {isa = PBXBuildFile; fileRef = BE7B1FA11C9A0D2E00A8D809 /* MapKit.framework */; };
		BE7B1FA41C9A4A2200A8D809 /* ImageCache.swift in Sources */ = {isa = PBXBuildFile; fileRef = BE7B1FA31C9A4A2200A8D809 /* ImageCache.swift */; };
		BED6078A1C97E5500061980C /* PhotoAlbumCollectionViewCell.swift in Sources */ = {isa = PBXBuildFile; fileRef = BED607891C97E5500061980C /* PhotoAlbumCollectionViewCell.swift */; };
/* End PBXBuildFile section */

/* Begin PBXContainerItemProxy section */
		BE1345081C935144005200A6 /* PBXContainerItemProxy */ = {
			isa = PBXContainerItemProxy;
			containerPortal = BE1344E81C935143005200A6 /* Project object */;
			proxyType = 1;
			remoteGlobalIDString = BE1344EF1C935143005200A6;
			remoteInfo = VirtualTourist;
		};
		BE1345131C935144005200A6 /* PBXContainerItemProxy */ = {
			isa = PBXContainerItemProxy;
			containerPortal = BE1344E81C935143005200A6 /* Project object */;
			proxyType = 1;
			remoteGlobalIDString = BE1344EF1C935143005200A6;
			remoteInfo = VirtualTourist;
		};
/* End PBXContainerItemProxy section */

/* Begin PBXFileReference section */
		BE1344F01C935143005200A6 /* VirtualTourist.app */ = {isa = PBXFileReference; explicitFileType = wrapper.application; includeInIndex = 0; path = VirtualTourist.app; sourceTree = BUILT_PRODUCTS_DIR; };
		BE1344F31C935143005200A6 /* AppDelegate.swift */ = {isa = PBXFileReference; lastKnownFileType = sourcecode.swift; path = AppDelegate.swift; sourceTree = "<group>"; };
		BE1344F81C935143005200A6 /* Base */ = {isa = PBXFileReference; lastKnownFileType = file.storyboard; name = Base; path = Base.lproj/Main.storyboard; sourceTree = "<group>"; };
		BE1344FB1C935143005200A6 /* VirtualTourist.xcdatamodel */ = {isa = PBXFileReference; lastKnownFileType = wrapper.xcdatamodel; path = VirtualTourist.xcdatamodel; sourceTree = "<group>"; };
		BE1344FD1C935143005200A6 /* Assets.xcassets */ = {isa = PBXFileReference; lastKnownFileType = folder.assetcatalog; path = Assets.xcassets; sourceTree = "<group>"; };
		BE1345001C935143005200A6 /* Base */ = {isa = PBXFileReference; lastKnownFileType = file.storyboard; name = Base; path = Base.lproj/LaunchScreen.storyboard; sourceTree = "<group>"; };
		BE1345021C935143005200A6 /* Info.plist */ = {isa = PBXFileReference; lastKnownFileType = text.plist.xml; path = Info.plist; sourceTree = "<group>"; };
		BE1345071C935144005200A6 /* VirtualTouristTests.xctest */ = {isa = PBXFileReference; explicitFileType = wrapper.cfbundle; includeInIndex = 0; path = VirtualTouristTests.xctest; sourceTree = BUILT_PRODUCTS_DIR; };
		BE13450B1C935144005200A6 /* VirtualTouristTests.swift */ = {isa = PBXFileReference; lastKnownFileType = sourcecode.swift; path = VirtualTouristTests.swift; sourceTree = "<group>"; };
		BE13450D1C935144005200A6 /* Info.plist */ = {isa = PBXFileReference; lastKnownFileType = text.plist.xml; path = Info.plist; sourceTree = "<group>"; };
		BE1345121C935144005200A6 /* VirtualTouristUITests.xctest */ = {isa = PBXFileReference; explicitFileType = wrapper.cfbundle; includeInIndex = 0; path = VirtualTouristUITests.xctest; sourceTree = BUILT_PRODUCTS_DIR; };
		BE1345161C935144005200A6 /* VirtualTouristUITests.swift */ = {isa = PBXFileReference; lastKnownFileType = sourcecode.swift; path = VirtualTouristUITests.swift; sourceTree = "<group>"; };
		BE1345181C935144005200A6 /* Info.plist */ = {isa = PBXFileReference; lastKnownFileType = text.plist.xml; path = Info.plist; sourceTree = "<group>"; };
		BE1345241C935586005200A6 /* TravelLocationMapViewController.swift */ = {isa = PBXFileReference; fileEncoding = 4; lastKnownFileType = sourcecode.swift; path = TravelLocationMapViewController.swift; sourceTree = "<group>"; };
		BE1345261C93560F005200A6 /* PhotoAlbumViewController.swift */ = {isa = PBXFileReference; fileEncoding = 4; lastKnownFileType = sourcecode.swift; path = PhotoAlbumViewController.swift; sourceTree = "<group>"; };
		BE1345281C9356BA005200A6 /* Pin.swift */ = {isa = PBXFileReference; fileEncoding = 4; lastKnownFileType = sourcecode.swift; path = Pin.swift; sourceTree = "<group>"; };
		BE13452A1C9356C8005200A6 /* Photo.swift */ = {isa = PBXFileReference; fileEncoding = 4; lastKnownFileType = sourcecode.swift; path = Photo.swift; sourceTree = "<group>"; };
		BE13452C1C936C7C005200A6 /* CoreDataStackManager.swift */ = {isa = PBXFileReference; fileEncoding = 4; lastKnownFileType = sourcecode.swift; path = CoreDataStackManager.swift; sourceTree = "<group>"; };
		BE5EB37B1C9FAF2100D8A394 /* MapRegion.swift */ = {isa = PBXFileReference; fileEncoding = 4; lastKnownFileType = sourcecode.swift; path = MapRegion.swift; sourceTree = "<group>"; };
		BE7B1F6B1C98974F00A8D809 /* FlickrClient.swift */ = {isa = PBXFileReference; fileEncoding = 4; lastKnownFileType = sourcecode.swift; path = FlickrClient.swift; sourceTree = "<group>"; };
		BE7B1FA11C9A0D2E00A8D809 /* MapKit.framework */ = {isa = PBXFileReference; lastKnownFileType = wrapper.framework; name = MapKit.framework; path = System/Library/Frameworks/MapKit.framework; sourceTree = SDKROOT; };
		BE7B1FA31C9A4A2200A8D809 /* ImageCache.swift */ = {isa = PBXFileReference; fileEncoding = 4; lastKnownFileType = sourcecode.swift; path = ImageCache.swift; sourceTree = "<group>"; };
		BED607891C97E5500061980C /* PhotoAlbumCollectionViewCell.swift */ = {isa = PBXFileReference; fileEncoding = 4; lastKnownFileType = sourcecode.swift; path = PhotoAlbumCollectionViewCell.swift; sourceTree = "<group>"; };
/* End PBXFileReference section */

/* Begin PBXFrameworksBuildPhase section */
		BE1344ED1C935143005200A6 /* Frameworks */ = {
			isa = PBXFrameworksBuildPhase;
			buildActionMask = 2147483647;
			files = (
				BE7B1FA21C9A0D2E00A8D809 /* MapKit.framework in Frameworks */,
			);
			runOnlyForDeploymentPostprocessing = 0;
		};
		BE1345041C935144005200A6 /* Frameworks */ = {
			isa = PBXFrameworksBuildPhase;
			buildActionMask = 2147483647;
			files = (
			);
			runOnlyForDeploymentPostprocessing = 0;
		};
		BE13450F1C935144005200A6 /* Frameworks */ = {
			isa = PBXFrameworksBuildPhase;
			buildActionMask = 2147483647;
			files = (
			);
			runOnlyForDeploymentPostprocessing = 0;
		};
/* End PBXFrameworksBuildPhase section */

/* Begin PBXGroup section */
		BE1344E71C935143005200A6 = {
			isa = PBXGroup;
			children = (
				BE7B1FA11C9A0D2E00A8D809 /* MapKit.framework */,
				BE1344F21C935143005200A6 /* VirtualTourist */,
				BE13450A1C935144005200A6 /* VirtualTouristTests */,
				BE1345151C935144005200A6 /* VirtualTouristUITests */,
				BE1344F11C935143005200A6 /* Products */,
			);
			sourceTree = "<group>";
		};
		BE1344F11C935143005200A6 /* Products */ = {
			isa = PBXGroup;
			children = (
				BE1344F01C935143005200A6 /* VirtualTourist.app */,
				BE1345071C935144005200A6 /* VirtualTouristTests.xctest */,
				BE1345121C935144005200A6 /* VirtualTouristUITests.xctest */,
			);
			name = Products;
			sourceTree = "<group>";
		};
		BE1344F21C935143005200A6 /* VirtualTourist */ = {
			isa = PBXGroup;
			children = (
				BE1344FA1C935143005200A6 /* VirtualTourist.xcdatamodeld */,
				BE13452C1C936C7C005200A6 /* CoreDataStackManager.swift */,
				BE1345241C935586005200A6 /* TravelLocationMapViewController.swift */,
				BE1345261C93560F005200A6 /* PhotoAlbumViewController.swift */,
				BED607891C97E5500061980C /* PhotoAlbumCollectionViewCell.swift */,
				BE7B1F6B1C98974F00A8D809 /* FlickrClient.swift */,
				BE1344F71C935143005200A6 /* Main.storyboard */,
				BE1345281C9356BA005200A6 /* Pin.swift */,
				BE13452A1C9356C8005200A6 /* Photo.swift */,
				BE5EB37B1C9FAF2100D8A394 /* MapRegion.swift */,
				BE1344FD1C935143005200A6 /* Assets.xcassets */,
				BE1344FF1C935143005200A6 /* LaunchScreen.storyboard */,
				BE1344F31C935143005200A6 /* AppDelegate.swift */,
				BE1345021C935143005200A6 /* Info.plist */,
				BE7B1FA31C9A4A2200A8D809 /* ImageCache.swift */,
			);
			path = VirtualTourist;
			sourceTree = "<group>";
		};
		BE13450A1C935144005200A6 /* VirtualTouristTests */ = {
			isa = PBXGroup;
			children = (
				BE13450B1C935144005200A6 /* VirtualTouristTests.swift */,
				BE13450D1C935144005200A6 /* Info.plist */,
			);
			path = VirtualTouristTests;
			sourceTree = "<group>";
		};
		BE1345151C935144005200A6 /* VirtualTouristUITests */ = {
			isa = PBXGroup;
			children = (
				BE1345161C935144005200A6 /* VirtualTouristUITests.swift */,
				BE1345181C935144005200A6 /* Info.plist */,
			);
			path = VirtualTouristUITests;
			sourceTree = "<group>";
		};
/* End PBXGroup section */

/* Begin PBXNativeTarget section */
		BE1344EF1C935143005200A6 /* VirtualTourist */ = {
			isa = PBXNativeTarget;
			buildConfigurationList = BE13451B1C935144005200A6 /* Build configuration list for PBXNativeTarget "VirtualTourist" */;
			buildPhases = (
				BE1344EC1C935143005200A6 /* Sources */,
				BE1344ED1C935143005200A6 /* Frameworks */,
				BE1344EE1C935143005200A6 /* Resources */,
			);
			buildRules = (
			);
			dependencies = (
			);
			name = VirtualTourist;
			productName = VirtualTourist;
			productReference = BE1344F01C935143005200A6 /* VirtualTourist.app */;
			productType = "com.apple.product-type.application";
		};
		BE1345061C935144005200A6 /* VirtualTouristTests */ = {
			isa = PBXNativeTarget;
			buildConfigurationList = BE13451E1C935144005200A6 /* Build configuration list for PBXNativeTarget "VirtualTouristTests" */;
			buildPhases = (
				BE1345031C935144005200A6 /* Sources */,
				BE1345041C935144005200A6 /* Frameworks */,
				BE1345051C935144005200A6 /* Resources */,
			);
			buildRules = (
			);
			dependencies = (
				BE1345091C935144005200A6 /* PBXTargetDependency */,
			);
			name = VirtualTouristTests;
			productName = VirtualTouristTests;
			productReference = BE1345071C935144005200A6 /* VirtualTouristTests.xctest */;
			productType = "com.apple.product-type.bundle.unit-test";
		};
		BE1345111C935144005200A6 /* VirtualTouristUITests */ = {
			isa = PBXNativeTarget;
			buildConfigurationList = BE1345211C935144005200A6 /* Build configuration list for PBXNativeTarget "VirtualTouristUITests" */;
			buildPhases = (
				BE13450E1C935144005200A6 /* Sources */,
				BE13450F1C935144005200A6 /* Frameworks */,
				BE1345101C935144005200A6 /* Resources */,
			);
			buildRules = (
			);
			dependencies = (
				BE1345141C935144005200A6 /* PBXTargetDependency */,
			);
			name = VirtualTouristUITests;
			productName = VirtualTouristUITests;
			productReference = BE1345121C935144005200A6 /* VirtualTouristUITests.xctest */;
			productType = "com.apple.product-type.bundle.ui-testing";
		};
/* End PBXNativeTarget section */

/* Begin PBXProject section */
		BE1344E81C935143005200A6 /* Project object */ = {
			isa = PBXProject;
			attributes = {
				LastSwiftUpdateCheck = 0720;
				LastUpgradeCheck = 0720;
				ORGANIZATIONNAME = "Li Yin";
				TargetAttributes = {
					BE1344EF1C935143005200A6 = {
						CreatedOnToolsVersion = 7.2.1;
						SystemCapabilities = {
							com.apple.Maps.iOS = {
								enabled = 0;
							};
						};
					};
					BE1345061C935144005200A6 = {
						CreatedOnToolsVersion = 7.2.1;
						TestTargetID = BE1344EF1C935143005200A6;
					};
					BE1345111C935144005200A6 = {
						CreatedOnToolsVersion = 7.2.1;
						TestTargetID = BE1344EF1C935143005200A6;
					};
				};
			};
			buildConfigurationList = BE1344EB1C935143005200A6 /* Build configuration list for PBXProject "VirtualTourist" */;
			compatibilityVersion = "Xcode 3.2";
			developmentRegion = English;
			hasScannedForEncodings = 0;
			knownRegions = (
				en,
				Base,
			);
			mainGroup = BE1344E71C935143005200A6;
			productRefGroup = BE1344F11C935143005200A6 /* Products */;
			projectDirPath = "";
			projectRoot = "";
			targets = (
				BE1344EF1C935143005200A6 /* VirtualTourist */,
				BE1345061C935144005200A6 /* VirtualTouristTests */,
				BE1345111C935144005200A6 /* VirtualTouristUITests */,
			);
		};
/* End PBXProject section */

/* Begin PBXResourcesBuildPhase section */
		BE1344EE1C935143005200A6 /* Resources */ = {
			isa = PBXResourcesBuildPhase;
			buildActionMask = 2147483647;
			files = (
				BE1345011C935143005200A6 /* LaunchScreen.storyboard in Resources */,
				BE1344FE1C935143005200A6 /* Assets.xcassets in Resources */,
				BE1344F91C935143005200A6 /* Main.storyboard in Resources */,
			);
			runOnlyForDeploymentPostprocessing = 0;
		};
		BE1345051C935144005200A6 /* Resources */ = {
			isa = PBXResourcesBuildPhase;
			buildActionMask = 2147483647;
			files = (
			);
			runOnlyForDeploymentPostprocessing = 0;
		};
		BE1345101C935144005200A6 /* Resources */ = {
			isa = PBXResourcesBuildPhase;
			buildActionMask = 2147483647;
			files = (
			);
			runOnlyForDeploymentPostprocessing = 0;
		};
/* End PBXResourcesBuildPhase section */

/* Begin PBXSourcesBuildPhase section */
		BE1344EC1C935143005200A6 /* Sources */ = {
			isa = PBXSourcesBuildPhase;
			buildActionMask = 2147483647;
			files = (
				BE7B1FA41C9A4A2200A8D809 /* ImageCache.swift in Sources */,
				BE13452B1C9356C8005200A6 /* Photo.swift in Sources */,
				BE1345291C9356BA005200A6 /* Pin.swift in Sources */,
				BE5EB37C1C9FAF2100D8A394 /* MapRegion.swift in Sources */,
				BE1344F41C935143005200A6 /* AppDelegate.swift in Sources */,
				BED6078A1C97E5500061980C /* PhotoAlbumCollectionViewCell.swift in Sources */,
				BE13452D1C936C7C005200A6 /* CoreDataStackManager.swift in Sources */,
				BE1344FC1C935143005200A6 /* VirtualTourist.xcdatamodeld in Sources */,
				BE7B1F6C1C98974F00A8D809 /* FlickrClient.swift in Sources */,
				BE1345271C93560F005200A6 /* PhotoAlbumViewController.swift in Sources */,
				BE1345251C935586005200A6 /* TravelLocationMapViewController.swift in Sources */,
			);
			runOnlyForDeploymentPostprocessing = 0;
		};
		BE1345031C935144005200A6 /* Sources */ = {
			isa = PBXSourcesBuildPhase;
			buildActionMask = 2147483647;
			files = (
				BE13450C1C935144005200A6 /* VirtualTouristTests.swift in Sources */,
			);
			runOnlyForDeploymentPostprocessing = 0;
		};
		BE13450E1C935144005200A6 /* Sources */ = {
			isa = PBXSourcesBuildPhase;
			buildActionMask = 2147483647;
			files = (
				BE1345171C935144005200A6 /* VirtualTouristUITests.swift in Sources */,
			);
			runOnlyForDeploymentPostprocessing = 0;
		};
/* End PBXSourcesBuildPhase section */

/* Begin PBXTargetDependency section */
		BE1345091C935144005200A6 /* PBXTargetDependency */ = {
			isa = PBXTargetDependency;
			target = BE1344EF1C935143005200A6 /* VirtualTourist */;
			targetProxy = BE1345081C935144005200A6 /* PBXContainerItemProxy */;
		};
		BE1345141C935144005200A6 /* PBXTargetDependency */ = {
			isa = PBXTargetDependency;
			target = BE1344EF1C935143005200A6 /* VirtualTourist */;
			targetProxy = BE1345131C935144005200A6 /* PBXContainerItemProxy */;
		};
/* End PBXTargetDependency section */

/* Begin PBXVariantGroup section */
		BE1344F71C935143005200A6 /* Main.storyboard */ = {
			isa = PBXVariantGroup;
			children = (
				BE1344F81C935143005200A6 /* Base */,
			);
			name = Main.storyboard;
			sourceTree = "<group>";
		};
		BE1344FF1C935143005200A6 /* LaunchScreen.storyboard */ = {
			isa = PBXVariantGroup;
			children = (
				BE1345001C935143005200A6 /* Base */,
			);
			name = LaunchScreen.storyboard;
			sourceTree = "<group>";
		};
/* End PBXVariantGroup section */

/* Begin XCBuildConfiguration section */
		BE1345191C935144005200A6 /* Debug */ = {
			isa = XCBuildConfiguration;
			buildSettings = {
				ALWAYS_SEARCH_USER_PATHS = NO;
				CLANG_CXX_LANGUAGE_STANDARD = "gnu++0x";
				CLANG_CXX_LIBRARY = "libc++";
				CLANG_ENABLE_MODULES = YES;
				CLANG_ENABLE_OBJC_ARC = YES;
				CLANG_WARN_BOOL_CONVERSION = YES;
				CLANG_WARN_CONSTANT_CONVERSION = YES;
				CLANG_WARN_DIRECT_OBJC_ISA_USAGE = YES_ERROR;
				CLANG_WARN_EMPTY_BODY = YES;
				CLANG_WARN_ENUM_CONVERSION = YES;
				CLANG_WARN_INT_CONVERSION = YES;
				CLANG_WARN_OBJC_ROOT_CLASS = YES_ERROR;
				CLANG_WARN_UNREACHABLE_CODE = YES;
				CLANG_WARN__DUPLICATE_METHOD_MATCH = YES;
				"CODE_SIGN_IDENTITY[sdk=iphoneos*]" = "iPhone Developer";
				COPY_PHASE_STRIP = NO;
				DEBUG_INFORMATION_FORMAT = dwarf;
				ENABLE_STRICT_OBJC_MSGSEND = YES;
				ENABLE_TESTABILITY = YES;
				GCC_C_LANGUAGE_STANDARD = gnu99;
				GCC_DYNAMIC_NO_PIC = NO;
				GCC_NO_COMMON_BLOCKS = YES;
				GCC_OPTIMIZATION_LEVEL = 0;
				GCC_PREPROCESSOR_DEFINITIONS = (
					"DEBUG=1",
					"$(inherited)",
				);
				GCC_WARN_64_TO_32_BIT_CONVERSION = YES;
				GCC_WARN_ABOUT_RETURN_TYPE = YES_ERROR;
				GCC_WARN_UNDECLARED_SELECTOR = YES;
				GCC_WARN_UNINITIALIZED_AUTOS = YES_AGGRESSIVE;
				GCC_WARN_UNUSED_FUNCTION = YES;
				GCC_WARN_UNUSED_VARIABLE = YES;
				IPHONEOS_DEPLOYMENT_TARGET = 9.2;
				MTL_ENABLE_DEBUG_INFO = YES;
				ONLY_ACTIVE_ARCH = YES;
				SDKROOT = iphoneos;
				SWIFT_OPTIMIZATION_LEVEL = "-Onone";
			};
			name = Debug;
		};
		BE13451A1C935144005200A6 /* Release */ = {
			isa = XCBuildConfiguration;
			buildSettings = {
				ALWAYS_SEARCH_USER_PATHS = NO;
				CLANG_CXX_LANGUAGE_STANDARD = "gnu++0x";
				CLANG_CXX_LIBRARY = "libc++";
				CLANG_ENABLE_MODULES = YES;
				CLANG_ENABLE_OBJC_ARC = YES;
				CLANG_WARN_BOOL_CONVERSION = YES;
				CLANG_WARN_CONSTANT_CONVERSION = YES;
				CLANG_WARN_DIRECT_OBJC_ISA_USAGE = YES_ERROR;
				CLANG_WARN_EMPTY_BODY = YES;
				CLANG_WARN_ENUM_CONVERSION = YES;
				CLANG_WARN_INT_CONVERSION = YES;
				CLANG_WARN_OBJC_ROOT_CLASS = YES_ERROR;
				CLANG_WARN_UNREACHABLE_CODE = YES;
				CLANG_WARN__DUPLICATE_METHOD_MATCH = YES;
				"CODE_SIGN_IDENTITY[sdk=iphoneos*]" = "iPhone Developer";
				COPY_PHASE_STRIP = NO;
				DEBUG_INFORMATION_FORMAT = "dwarf-with-dsym";
				ENABLE_NS_ASSERTIONS = NO;
				ENABLE_STRICT_OBJC_MSGSEND = YES;
				GCC_C_LANGUAGE_STANDARD = gnu99;
				GCC_NO_COMMON_BLOCKS = YES;
				GCC_WARN_64_TO_32_BIT_CONVERSION = YES;
				GCC_WARN_ABOUT_RETURN_TYPE = YES_ERROR;
				GCC_WARN_UNDECLARED_SELECTOR = YES;
				GCC_WARN_UNINITIALIZED_AUTOS = YES_AGGRESSIVE;
				GCC_WARN_UNUSED_FUNCTION = YES;
				GCC_WARN_UNUSED_VARIABLE = YES;
				IPHONEOS_DEPLOYMENT_TARGET = 9.2;
				MTL_ENABLE_DEBUG_INFO = NO;
				SDKROOT = iphoneos;
				VALIDATE_PRODUCT = YES;
			};
			name = Release;
		};
		BE13451C1C935144005200A6 /* Debug */ = {
			isa = XCBuildConfiguration;
			buildSettings = {
				ASSETCATALOG_COMPILER_APPICON_NAME = AppIcon;
				INFOPLIST_FILE = VirtualTourist/Info.plist;
				LD_RUNPATH_SEARCH_PATHS = "$(inherited) @executable_path/Frameworks";
				PRODUCT_BUNDLE_IDENTIFIER = sbdk.VirtualTourist;
				PRODUCT_NAME = "$(TARGET_NAME)";
			};
			name = Debug;
		};
		BE13451D1C935144005200A6 /* Release */ = {
			isa = XCBuildConfiguration;
			buildSettings = {
				ASSETCATALOG_COMPILER_APPICON_NAME = AppIcon;
				INFOPLIST_FILE = VirtualTourist/Info.plist;
				LD_RUNPATH_SEARCH_PATHS = "$(inherited) @executable_path/Frameworks";
				PRODUCT_BUNDLE_IDENTIFIER = sbdk.VirtualTourist;
				PRODUCT_NAME = "$(TARGET_NAME)";
			};
			name = Release;
		};
		BE13451F1C935144005200A6 /* Debug */ = {
			isa = XCBuildConfiguration;
			buildSettings = {
				BUNDLE_LOADER = "$(TEST_HOST)";
				INFOPLIST_FILE = VirtualTouristTests/Info.plist;
				LD_RUNPATH_SEARCH_PATHS = "$(inherited) @executable_path/Frameworks @loader_path/Frameworks";
				PRODUCT_BUNDLE_IDENTIFIER = sbdk.VirtualTouristTests;
				PRODUCT_NAME = "$(TARGET_NAME)";
				TEST_HOST = "$(BUILT_PRODUCTS_DIR)/VirtualTourist.app/VirtualTourist";
			};
			name = Debug;
		};
		BE1345201C935144005200A6 /* Release */ = {
			isa = XCBuildConfiguration;
			buildSettings = {
				BUNDLE_LOADER = "$(TEST_HOST)";
				INFOPLIST_FILE = VirtualTouristTests/Info.plist;
				LD_RUNPATH_SEARCH_PATHS = "$(inherited) @executable_path/Frameworks @loader_path/Frameworks";
				PRODUCT_BUNDLE_IDENTIFIER = sbdk.VirtualTouristTests;
				PRODUCT_NAME = "$(TARGET_NAME)";
				TEST_HOST = "$(BUILT_PRODUCTS_DIR)/VirtualTourist.app/VirtualTourist";
			};
			name = Release;
		};
		BE1345221C935144005200A6 /* Debug */ = {
			isa = XCBuildConfiguration;
			buildSettings = {
				INFOPLIST_FILE = VirtualTouristUITests/Info.plist;
				LD_RUNPATH_SEARCH_PATHS = "$(inherited) @executable_path/Frameworks @loader_path/Frameworks";
				PRODUCT_BUNDLE_IDENTIFIER = sbdk.VirtualTouristUITests;
				PRODUCT_NAME = "$(TARGET_NAME)";
				TEST_TARGET_NAME = VirtualTourist;
				USES_XCTRUNNER = YES;
			};
			name = Debug;
		};
		BE1345231C935144005200A6 /* Release */ = {
			isa = XCBuildConfiguration;
			buildSettings = {
				INFOPLIST_FILE = VirtualTouristUITests/Info.plist;
				LD_RUNPATH_SEARCH_PATHS = "$(inherited) @executable_path/Frameworks @loader_path/Frameworks";
				PRODUCT_BUNDLE_IDENTIFIER = sbdk.VirtualTouristUITests;
				PRODUCT_NAME = "$(TARGET_NAME)";
				TEST_TARGET_NAME = VirtualTourist;
				USES_XCTRUNNER = YES;
			};
			name = Release;
		};
/* End XCBuildConfiguration section */

/* Begin XCConfigurationList section */
		BE1344EB1C935143005200A6 /* Build configuration list for PBXProject "VirtualTourist" */ = {
			isa = XCConfigurationList;
			buildConfigurations = (
				BE1345191C935144005200A6 /* Debug */,
				BE13451A1C935144005200A6 /* Release */,
			);
			defaultConfigurationIsVisible = 0;
			defaultConfigurationName = Release;
		};
		BE13451B1C935144005200A6 /* Build configuration list for PBXNativeTarget "VirtualTourist" */ = {
			isa = XCConfigurationList;
			buildConfigurations = (
				BE13451C1C935144005200A6 /* Debug */,
				BE13451D1C935144005200A6 /* Release */,
			);
			defaultConfigurationIsVisible = 0;
			defaultConfigurationName = Release;
		};
		BE13451E1C935144005200A6 /* Build configuration list for PBXNativeTarget "VirtualTouristTests" */ = {
			isa = XCConfigurationList;
			buildConfigurations = (
				BE13451F1C935144005200A6 /* Debug */,
				BE1345201C935144005200A6 /* Release */,
			);
			defaultConfigurationIsVisible = 0;
			defaultConfigurationName = Release;
		};
		BE1345211C935144005200A6 /* Build configuration list for PBXNativeTarget "VirtualTouristUITests" */ = {
			isa = XCConfigurationList;
			buildConfigurations = (
				BE1345221C935144005200A6 /* Debug */,
				BE1345231C935144005200A6 /* Release */,
			);
			defaultConfigurationIsVisible = 0;
			defaultConfigurationName = Release;
		};
/* End XCConfigurationList section */

/* Begin XCVersionGroup section */
		BE1344FA1C935143005200A6 /* VirtualTourist.xcdatamodeld */ = {
			isa = XCVersionGroup;
			children = (
				BE1344FB1C935143005200A6 /* VirtualTourist.xcdatamodel */,
			);
			currentVersion = BE1344FB1C935143005200A6 /* VirtualTourist.xcdatamodel */;
			path = VirtualTourist.xcdatamodeld;
			sourceTree = "<group>";
			versionGroupType = wrapper.xcdatamodel;
		};
/* End XCVersionGroup section */
	};
	rootObject = BE1344E81C935143005200A6 /* Project object */;
}
